# THIS IS AN AUTOGENERATED FILE. DO NOT EDIT THIS FILE DIRECTLY.
# yarn lockfile v1


"@nomicfoundation/hardhat-toolbox@^2.0.0":
  version "2.0.1"
  resolved "https://registry.yarnpkg.com/@nomicfoundation/hardhat-toolbox/-/hardhat-toolbox-2.0.1.tgz#3d8c620a54df2c0086c9109fb0f987bf29329deb"
  integrity sha512-/pr8m9xlqiNlq6fXv4hEPNwdNwUhysoB2qbDCKqERfPpq34EydUQTC3Vis4aIea8RLwSrU8sDXFdv4TQxYstKw==
